
Microsoft Visual Studio Solution File, Format Version 12.00
# Visual Studio Version 17
VisualStudioVersion = 17.4.33110.190
MinimumVisualStudioVersion = 10.0.40219.1
Project("{FAE04EC0-301F-11D3-BF4B-00C04F79EFBC}") = "SerbatoioAcqua", "SerbatoioAcqua\SerbatoioAcqua.csproj", "{F7A83C97-362D-478A-A890-B7F38CFE7A97}"
EndProject
Global
	GlobalSection(SolutionConfigurationPlatforms) = preSolution
		Debug|Any CPU = Debug|Any CPU
		Release|Any CPU = Release|Any CPU
	EndGlobalSection
	GlobalSection(ProjectConfigurationPlatforms) = postSolution
		{F7A83C97-362D-478A-A890-B7F38CFE7A97}.Debug|Any CPU.ActiveCfg = Debug|Any CPU
		{F7A83C97-362D-478A-A890-B7F38CFE7A97}.Debug|Any CPU.Build.0 = Debug|Any CPU
		{F7A83C97-362D-478A-A890-B7F38CFE7A97}.Release|Any CPU.ActiveCfg = Release|Any CPU
		{F7A83C97-362D-478A-A890-B7F38CFE7A97}.Release|Any CPU.Build.0 = Release|Any CPU
	EndGlobalSection
	GlobalSection(SolutionProperties) = preSolution
		HideSolutionNode = FALSE
	EndGlobalSection
	GlobalSection(ExtensibilityGlobals) = postSolution
		SolutionGuid = {AAFAA270-C39D-4278-904B-F213B742C790}
	EndGlobalSection
EndGlobal
